// !$*UTF8*$!
{
	archiveVersion = 1;
	classes = {
	};
	objectVersion = 48;
	objects = {

/* Begin PBXBuildFile section */
		520B735E1F8AD2FD0036A78F /* NVTLinkViewVC.swift in Sources */ = {isa = PBXBuildFile; fileRef = 520B735D1F8AD2FD0036A78F /* NVTLinkViewVC.swift */; };
		523F895E1FE1473300E53011 /* NVTRedditPost.swift in Sources */ = {isa = PBXBuildFile; fileRef = 523F895D1FE1448700E53011 /* NVTRedditPost.swift */; };
		523F895F1FE1473600E53011 /* NVTRedditPage.swift in Sources */ = {isa = PBXBuildFile; fileRef = 523F895C1FE1448600E53011 /* NVTRedditPage.swift */; };
		523F89601FE1473900E53011 /* NVTRedditComment.swift in Sources */ = {isa = PBXBuildFile; fileRef = 523F895B1FE1448600E53011 /* NVTRedditComment.swift */; };
		52485C561F9CE102009E0EFA /* NotificationCenter.framework in Frameworks */ = {isa = PBXBuildFile; fileRef = 52485C551F9CE102009E0EFA /* NotificationCenter.framework */; };
		52485C591F9CE102009E0EFA /* NVTTodayVC.swift in Sources */ = {isa = PBXBuildFile; fileRef = 52485C581F9CE102009E0EFA /* NVTTodayVC.swift */; };
		52485C5C1F9CE102009E0EFA /* MainInterface.storyboard in Resources */ = {isa = PBXBuildFile; fileRef = 52485C5A1F9CE102009E0EFA /* MainInterface.storyboard */; };
		52485C601F9CE102009E0EFA /* NavvitWidget.appex in Embed App Extensions */ = {isa = PBXBuildFile; fileRef = 52485C531F9CE102009E0EFA /* NavvitWidget.appex */; settings = {ATTRIBUTES = (RemoveHeadersOnCopy, ); }; };
		52485C6B1F9FC186009E0EFA /* Assets.xcassets in Resources */ = {isa = PBXBuildFile; fileRef = 526524611F5C242800C04A0F /* Assets.xcassets */; };
		524CF69E1F72F15100D24180 /* NVTWebAuthPopUpVC.swift in Sources */ = {isa = PBXBuildFile; fileRef = 524CF69D1F72F15100D24180 /* NVTWebAuthPopUpVC.swift */; };
		524CF6A01F767DBE00D24180 /* NVTSuperFunctions.swift in Sources */ = {isa = PBXBuildFile; fileRef = 524CF69F1F767DBE00D24180 /* NVTSuperFunctions.swift */; };
		524F3E391F8AC5EA00D17D4D /* NVTSelfPostVC.swift in Sources */ = {isa = PBXBuildFile; fileRef = 524F3E381F8AC5EA00D17D4D /* NVTSelfPostVC.swift */; };
		524F3E3F1F8AC6E100D17D4D /* NVTCommentCell.swift in Sources */ = {isa = PBXBuildFile; fileRef = 524F3E3E1F8AC6E100D17D4D /* NVTCommentCell.swift */; };
		525204471FAF6EEF00E8479F /* NVTManualPopUpVC.swift in Sources */ = {isa = PBXBuildFile; fileRef = 525204461FAF6EEF00E8479F /* NVTManualPopUpVC.swift */; };
		525A29381F6AF7A1001BAB3B /* NVTMenuCell.swift in Sources */ = {isa = PBXBuildFile; fileRef = 525A29371F6AF7A1001BAB3B /* NVTMenuCell.swift */; };
		526524581F5C242800C04A0F /* AppDelegate.swift in Sources */ = {isa = PBXBuildFile; fileRef = 526524571F5C242800C04A0F /* AppDelegate.swift */; };
		5265245A1F5C242800C04A0F /* NVTMenuVC.swift in Sources */ = {isa = PBXBuildFile; fileRef = 526524591F5C242800C04A0F /* NVTMenuVC.swift */; };
		5265245D1F5C242800C04A0F /* Main.storyboard in Resources */ = {isa = PBXBuildFile; fileRef = 5265245B1F5C242800C04A0F /* Main.storyboard */; };
		526524601F5C242800C04A0F /* NavvitForReddit.xcdatamodeld in Sources */ = {isa = PBXBuildFile; fileRef = 5265245E1F5C242800C04A0F /* NavvitForReddit.xcdatamodeld */; };
		526524621F5C242800C04A0F /* Assets.xcassets in Resources */ = {isa = PBXBuildFile; fileRef = 526524611F5C242800C04A0F /* Assets.xcassets */; };
		526524651F5C242800C04A0F /* LaunchScreen.storyboard in Resources */ = {isa = PBXBuildFile; fileRef = 526524631F5C242800C04A0F /* LaunchScreen.storyboard */; };
		5265246D1F5C24A900C04A0F /* NVTPageVC.swift in Sources */ = {isa = PBXBuildFile; fileRef = 5265246C1F5C24A900C04A0F /* NVTPageVC.swift */; };
		5265246F1F5C9C0300C04A0F /* NVTPostCell.swift in Sources */ = {isa = PBXBuildFile; fileRef = 5265246E1F5C9C0300C04A0F /* NVTPostCell.swift */; };
		5290F6FA1FA24EE200B295EF /* NVTCommentPopUpVC.swift in Sources */ = {isa = PBXBuildFile; fileRef = 5290F6F91FA24EE200B295EF /* NVTCommentPopUpVC.swift */; };
		5290F6FC1FA6BD1000B295EF /* NVTSidebarPopUpVC.swift in Sources */ = {isa = PBXBuildFile; fileRef = 5290F6FB1FA6BD0F00B295EF /* NVTSidebarPopUpVC.swift */; };
		52D433211F6DFED3005BE77E /* NVTSettingsVC.swift in Sources */ = {isa = PBXBuildFile; fileRef = 52D433201F6DFED3005BE77E /* NVTSettingsVC.swift */; };
/* End PBXBuildFile section */

/* Begin PBXContainerItemProxy section */
		52485C5E1F9CE102009E0EFA /* PBXContainerItemProxy */ = {
			isa = PBXContainerItemProxy;
			containerPortal = 5265244C1F5C242800C04A0F /* Project object */;
			proxyType = 1;
			remoteGlobalIDString = 52485C521F9CE102009E0EFA;
			remoteInfo = NavvitWidget;
		};
/* End PBXContainerItemProxy section */

/* Begin PBXCopyFilesBuildPhase section */
		52485C641F9CE102009E0EFA /* Embed App Extensions */ = {
			isa = PBXCopyFilesBuildPhase;
			buildActionMask = 2147483647;
			dstPath = "";
			dstSubfolderSpec = 13;
			files = (
				52485C601F9CE102009E0EFA /* NavvitWidget.appex in Embed App Extensions */,
			);
			name = "Embed App Extensions";
			runOnlyForDeploymentPostprocessing = 0;
		};
/* End PBXCopyFilesBuildPhase section */

/* Begin PBXFileReference section */
		520B735D1F8AD2FD0036A78F /* NVTLinkViewVC.swift */ = {isa = PBXFileReference; lastKnownFileType = sourcecode.swift; path = NVTLinkViewVC.swift; sourceTree = "<group>"; };
		523F895B1FE1448600E53011 /* NVTRedditComment.swift */ = {isa = PBXFileReference; lastKnownFileType = sourcecode.swift; path = NVTRedditComment.swift; sourceTree = "<group>"; };
		523F895C1FE1448600E53011 /* NVTRedditPage.swift */ = {isa = PBXFileReference; lastKnownFileType = sourcecode.swift; path = NVTRedditPage.swift; sourceTree = "<group>"; };
		523F895D1FE1448700E53011 /* NVTRedditPost.swift */ = {isa = PBXFileReference; lastKnownFileType = sourcecode.swift; path = NVTRedditPost.swift; sourceTree = "<group>"; };
		52485C531F9CE102009E0EFA /* NavvitWidget.appex */ = {isa = PBXFileReference; explicitFileType = "wrapper.app-extension"; includeInIndex = 0; path = NavvitWidget.appex; sourceTree = BUILT_PRODUCTS_DIR; };
		52485C551F9CE102009E0EFA /* NotificationCenter.framework */ = {isa = PBXFileReference; lastKnownFileType = wrapper.framework; name = NotificationCenter.framework; path = System/Library/Frameworks/NotificationCenter.framework; sourceTree = SDKROOT; };
		52485C581F9CE102009E0EFA /* NVTTodayVC.swift */ = {isa = PBXFileReference; lastKnownFileType = sourcecode.swift; path = NVTTodayVC.swift; sourceTree = "<group>"; };
		52485C5B1F9CE102009E0EFA /* Base */ = {isa = PBXFileReference; lastKnownFileType = file.storyboard; name = Base; path = Base.lproj/MainInterface.storyboard; sourceTree = "<group>"; };
		52485C5D1F9CE102009E0EFA /* Info.plist */ = {isa = PBXFileReference; lastKnownFileType = text.plist.xml; path = Info.plist; sourceTree = "<group>"; };
		52485C651F9D1284009E0EFA /* NavvitForReddit.entitlements */ = {isa = PBXFileReference; lastKnownFileType = text.plist.entitlements; path = NavvitForReddit.entitlements; sourceTree = "<group>"; };
		52485C661F9D1D5E009E0EFA /* NavvitWidget.entitlements */ = {isa = PBXFileReference; lastKnownFileType = text.plist.entitlements; path = NavvitWidget.entitlements; sourceTree = "<group>"; };
		524CF69D1F72F15100D24180 /* NVTWebAuthPopUpVC.swift */ = {isa = PBXFileReference; lastKnownFileType = sourcecode.swift; path = NVTWebAuthPopUpVC.swift; sourceTree = "<group>"; };
		524CF69F1F767DBE00D24180 /* NVTSuperFunctions.swift */ = {isa = PBXFileReference; lastKnownFileType = sourcecode.swift; path = NVTSuperFunctions.swift; sourceTree = "<group>"; };
		524F3E381F8AC5EA00D17D4D /* NVTSelfPostVC.swift */ = {isa = PBXFileReference; lastKnownFileType = sourcecode.swift; path = NVTSelfPostVC.swift; sourceTree = "<group>"; };
		524F3E3E1F8AC6E100D17D4D /* NVTCommentCell.swift */ = {isa = PBXFileReference; lastKnownFileType = sourcecode.swift; path = NVTCommentCell.swift; sourceTree = "<group>"; };
		525204461FAF6EEF00E8479F /* NVTManualPopUpVC.swift */ = {isa = PBXFileReference; lastKnownFileType = sourcecode.swift; path = NVTManualPopUpVC.swift; sourceTree = "<group>"; };
		525A29371F6AF7A1001BAB3B /* NVTMenuCell.swift */ = {isa = PBXFileReference; lastKnownFileType = sourcecode.swift; path = NVTMenuCell.swift; sourceTree = "<group>"; };
		526524541F5C242800C04A0F /* NavvitForReddit.app */ = {isa = PBXFileReference; explicitFileType = wrapper.application; includeInIndex = 0; path = NavvitForReddit.app; sourceTree = BUILT_PRODUCTS_DIR; };
		526524571F5C242800C04A0F /* AppDelegate.swift */ = {isa = PBXFileReference; lastKnownFileType = sourcecode.swift; path = AppDelegate.swift; sourceTree = "<group>"; };
		526524591F5C242800C04A0F /* NVTMenuVC.swift */ = {isa = PBXFileReference; lastKnownFileType = sourcecode.swift; path = NVTMenuVC.swift; sourceTree = "<group>"; };
		5265245C1F5C242800C04A0F /* Base */ = {isa = PBXFileReference; lastKnownFileType = file.storyboard; name = Base; path = Base.lproj/Main.storyboard; sourceTree = "<group>"; };
		5265245F1F5C242800C04A0F /* NavvitForReddit.xcdatamodel */ = {isa = PBXFileReference; lastKnownFileType = wrapper.xcdatamodel; path = NavvitForReddit.xcdatamodel; sourceTree = "<group>"; };
		526524611F5C242800C04A0F /* Assets.xcassets */ = {isa = PBXFileReference; lastKnownFileType = folder.assetcatalog; path = Assets.xcassets; sourceTree = "<group>"; };
		526524641F5C242800C04A0F /* Base */ = {isa = PBXFileReference; lastKnownFileType = file.storyboard; name = Base; path = Base.lproj/LaunchScreen.storyboard; sourceTree = "<group>"; };
		526524661F5C242800C04A0F /* Info.plist */ = {isa = PBXFileReference; lastKnownFileType = text.plist.xml; path = Info.plist; sourceTree = "<group>"; };
		5265246C1F5C24A900C04A0F /* NVTPageVC.swift */ = {isa = PBXFileReference; lastKnownFileType = sourcecode.swift; path = NVTPageVC.swift; sourceTree = "<group>"; };
		5265246E1F5C9C0300C04A0F /* NVTPostCell.swift */ = {isa = PBXFileReference; lastKnownFileType = sourcecode.swift; path = NVTPostCell.swift; sourceTree = "<group>"; };
		5290F6F91FA24EE200B295EF /* NVTCommentPopUpVC.swift */ = {isa = PBXFileReference; lastKnownFileType = sourcecode.swift; path = NVTCommentPopUpVC.swift; sourceTree = "<group>"; };
		5290F6FB1FA6BD0F00B295EF /* NVTSidebarPopUpVC.swift */ = {isa = PBXFileReference; lastKnownFileType = sourcecode.swift; path = NVTSidebarPopUpVC.swift; sourceTree = "<group>"; };
		52D433201F6DFED3005BE77E /* NVTSettingsVC.swift */ = {isa = PBXFileReference; lastKnownFileType = sourcecode.swift; path = NVTSettingsVC.swift; sourceTree = "<group>"; };
/* End PBXFileReference section */

/* Begin PBXFrameworksBuildPhase section */
		52485C501F9CE102009E0EFA /* Frameworks */ = {
			isa = PBXFrameworksBuildPhase;
			buildActionMask = 2147483647;
			files = (
				52485C561F9CE102009E0EFA /* NotificationCenter.framework in Frameworks */,
			);
			runOnlyForDeploymentPostprocessing = 0;
		};
		526524511F5C242800C04A0F /* Frameworks */ = {
			isa = PBXFrameworksBuildPhase;
			buildActionMask = 2147483647;
			files = (
			);
			runOnlyForDeploymentPostprocessing = 0;
		};
/* End PBXFrameworksBuildPhase section */

/* Begin PBXGroup section */
		523F894D1FE0426C00E53011 /* NVT_VCs */ = {
			isa = PBXGroup;
			children = (
				526524591F5C242800C04A0F /* NVTMenuVC.swift */,
				524F3E381F8AC5EA00D17D4D /* NVTSelfPostVC.swift */,
				520B735D1F8AD2FD0036A78F /* NVTLinkViewVC.swift */,
				5265246C1F5C24A900C04A0F /* NVTPageVC.swift */,
				52D433201F6DFED3005BE77E /* NVTSettingsVC.swift */,
				5290F6FB1FA6BD0F00B295EF /* NVTSidebarPopUpVC.swift */,
				524CF69D1F72F15100D24180 /* NVTWebAuthPopUpVC.swift */,
				5290F6F91FA24EE200B295EF /* NVTCommentPopUpVC.swift */,
				525204461FAF6EEF00E8479F /* NVTManualPopUpVC.swift */,
			);
			path = NVT_VCs;
			sourceTree = "<group>";
		};
		523F894F1FE142DF00E53011 /* NVT_Cells */ = {
			isa = PBXGroup;
			children = (
				524F3E3E1F8AC6E100D17D4D /* NVTCommentCell.swift */,
				5265246E1F5C9C0300C04A0F /* NVTPostCell.swift */,
				525A29371F6AF7A1001BAB3B /* NVTMenuCell.swift */,
			);
			path = NVT_Cells;
			sourceTree = "<group>";
		};
		523F89521FE1439300E53011 /* NVT_Reddit_Objects */ = {
			isa = PBXGroup;
			children = (
				523F895D1FE1448700E53011 /* NVTRedditPost.swift */,
				523F895C1FE1448600E53011 /* NVTRedditPage.swift */,
				523F895B1FE1448600E53011 /* NVTRedditComment.swift */,
			);
			path = NVT_Reddit_Objects;
			sourceTree = "<group>";
		};
		523F89611FE1490F00E53011 /* NVT_General_Files */ = {
			isa = PBXGroup;
			children = (
				526524571F5C242800C04A0F /* AppDelegate.swift */,
				524CF69F1F767DBE00D24180 /* NVTSuperFunctions.swift */,
			);
			path = NVT_General_Files;
			sourceTree = "<group>";
		};
		52485C541F9CE102009E0EFA /* Frameworks */ = {
			isa = PBXGroup;
			children = (
				52485C551F9CE102009E0EFA /* NotificationCenter.framework */,
			);
			name = Frameworks;
			sourceTree = "<group>";
		};
		52485C571F9CE102009E0EFA /* NavvitWidget */ = {
			isa = PBXGroup;
			children = (
				52485C661F9D1D5E009E0EFA /* NavvitWidget.entitlements */,
				52485C581F9CE102009E0EFA /* NVTTodayVC.swift */,
				52485C5A1F9CE102009E0EFA /* MainInterface.storyboard */,
				52485C5D1F9CE102009E0EFA /* Info.plist */,
			);
			path = NavvitWidget;
			sourceTree = "<group>";
		};
		5265244B1F5C242800C04A0F = {
			isa = PBXGroup;
			children = (
				526524561F5C242800C04A0F /* NavvitForReddit */,
				52485C571F9CE102009E0EFA /* NavvitWidget */,
				52485C541F9CE102009E0EFA /* Frameworks */,
				526524551F5C242800C04A0F /* Products */,
			);
			sourceTree = "<group>";
		};
		526524551F5C242800C04A0F /* Products */ = {
			isa = PBXGroup;
			children = (
				526524541F5C242800C04A0F /* NavvitForReddit.app */,
				52485C531F9CE102009E0EFA /* NavvitWidget.appex */,
			);
			name = Products;
			sourceTree = "<group>";
		};
		526524561F5C242800C04A0F /* NavvitForReddit */ = {
			isa = PBXGroup;
			children = (
				526524661F5C242800C04A0F /* Info.plist */,
				52485C651F9D1284009E0EFA /* NavvitForReddit.entitlements */,
				5265245E1F5C242800C04A0F /* NavvitForReddit.xcdatamodeld */,
				526524611F5C242800C04A0F /* Assets.xcassets */,
				5265245B1F5C242800C04A0F /* Main.storyboard */,
				526524631F5C242800C04A0F /* LaunchScreen.storyboard */,
				523F89611FE1490F00E53011 /* NVT_General_Files */,
				523F894D1FE0426C00E53011 /* NVT_VCs */,
				523F89521FE1439300E53011 /* NVT_Reddit_Objects */,
				523F894F1FE142DF00E53011 /* NVT_Cells */,
			);
			path = NavvitForReddit;
			sourceTree = "<group>";
		};
/* End PBXGroup section */

/* Begin PBXNativeTarget section */
		52485C521F9CE102009E0EFA /* NavvitWidget */ = {
			isa = PBXNativeTarget;
			buildConfigurationList = 52485C631F9CE102009E0EFA /* Build configuration list for PBXNativeTarget "NavvitWidget" */;
			buildPhases = (
				52485C4F1F9CE102009E0EFA /* Sources */,
				52485C501F9CE102009E0EFA /* Frameworks */,
				52485C511F9CE102009E0EFA /* Resources */,
			);
			buildRules = (
			);
			dependencies = (
			);
			name = NavvitWidget;
			productName = NavvitWidget;
			productReference = 52485C531F9CE102009E0EFA /* NavvitWidget.appex */;
			productType = "com.apple.product-type.app-extension";
		};
		526524531F5C242800C04A0F /* NavvitForReddit */ = {
			isa = PBXNativeTarget;
			buildConfigurationList = 526524691F5C242800C04A0F /* Build configuration list for PBXNativeTarget "NavvitForReddit" */;
			buildPhases = (
				526524501F5C242800C04A0F /* Sources */,
				526524511F5C242800C04A0F /* Frameworks */,
				526524521F5C242800C04A0F /* Resources */,
				52485C641F9CE102009E0EFA /* Embed App Extensions */,
			);
			buildRules = (
			);
			dependencies = (
				52485C5F1F9CE102009E0EFA /* PBXTargetDependency */,
			);
			name = NavvitForReddit;
			productName = RedditViewer_2;
			productReference = 526524541F5C242800C04A0F /* NavvitForReddit.app */;
			productType = "com.apple.product-type.application";
		};
/* End PBXNativeTarget section */

/* Begin PBXProject section */
		5265244C1F5C242800C04A0F /* Project object */ = {
			isa = PBXProject;
			attributes = {
				LastSwiftUpdateCheck = 0900;
				LastUpgradeCheck = 0900;
				ORGANIZATIONNAME = "Smiles Dev";
				TargetAttributes = {
					52485C521F9CE102009E0EFA = {
						CreatedOnToolsVersion = 9.0;
						ProvisioningStyle = Automatic;
						SystemCapabilities = {
							com.apple.ApplicationGroups.iOS = {
								enabled = 1;
							};
						};
					};
					526524531F5C242800C04A0F = {
						CreatedOnToolsVersion = 9.0;
						ProvisioningStyle = Automatic;
						SystemCapabilities = {
							com.apple.ApplicationGroups.iOS = {
								enabled = 1;
							};
							com.apple.BackgroundModes = {
								enabled = 1;
							};
							com.apple.Keychain = {
								enabled = 1;
							};
						};
					};
				};
			};
			buildConfigurationList = 5265244F1F5C242800C04A0F /* Build configuration list for PBXProject "NavvitForReddit" */;
			compatibilityVersion = "Xcode 8.0";
			developmentRegion = en;
			hasScannedForEncodings = 0;
			knownRegions = (
				en,
				Base,
			);
			mainGroup = 5265244B1F5C242800C04A0F;
			productRefGroup = 526524551F5C242800C04A0F /* Products */;
			projectDirPath = "";
			projectRoot = "";
			targets = (
				526524531F5C242800C04A0F /* NavvitForReddit */,
				52485C521F9CE102009E0EFA /* NavvitWidget */,
			);
		};
/* End PBXProject section */

/* Begin PBXResourcesBuildPhase section */
		52485C511F9CE102009E0EFA /* Resources */ = {
			isa = PBXResourcesBuildPhase;
			buildActionMask = 2147483647;
			files = (
				52485C6B1F9FC186009E0EFA /* Assets.xcassets in Resources */,
				52485C5C1F9CE102009E0EFA /* MainInterface.storyboard in Resources */,
			);
			runOnlyForDeploymentPostprocessing = 0;
		};
		526524521F5C242800C04A0F /* Resources */ = {
			isa = PBXResourcesBuildPhase;
			buildActionMask = 2147483647;
			files = (
				526524651F5C242800C04A0F /* LaunchScreen.storyboard in Resources */,
				526524621F5C242800C04A0F /* Assets.xcassets in Resources */,
				5265245D1F5C242800C04A0F /* Main.storyboard in Resources */,
			);
			runOnlyForDeploymentPostprocessing = 0;
		};
/* End PBXResourcesBuildPhase section */

/* Begin PBXSourcesBuildPhase section */
		52485C4F1F9CE102009E0EFA /* Sources */ = {
			isa = PBXSourcesBuildPhase;
			buildActionMask = 2147483647;
			files = (
				52485C591F9CE102009E0EFA /* NVTTodayVC.swift in Sources */,
			);
			runOnlyForDeploymentPostprocessing = 0;
		};
		526524501F5C242800C04A0F /* Sources */ = {
			isa = PBXSourcesBuildPhase;
			buildActionMask = 2147483647;
			files = (
				523F895F1FE1473600E53011 /* NVTRedditPage.swift in Sources */,
				524F3E3F1F8AC6E100D17D4D /* NVTCommentCell.swift in Sources */,
				5290F6FC1FA6BD1000B295EF /* NVTSidebarPopUpVC.swift in Sources */,
				5290F6FA1FA24EE200B295EF /* NVTCommentPopUpVC.swift in Sources */,
				524F3E391F8AC5EA00D17D4D /* NVTSelfPostVC.swift in Sources */,
				5265245A1F5C242800C04A0F /* NVTMenuVC.swift in Sources */,
				5265246F1F5C9C0300C04A0F /* NVTPostCell.swift in Sources */,
				525204471FAF6EEF00E8479F /* NVTManualPopUpVC.swift in Sources */,
				526524581F5C242800C04A0F /* AppDelegate.swift in Sources */,
				523F895E1FE1473300E53011 /* NVTRedditPost.swift in Sources */,
				523F89601FE1473900E53011 /* NVTRedditComment.swift in Sources */,
				526524601F5C242800C04A0F /* NavvitForReddit.xcdatamodeld in Sources */,
				524CF69E1F72F15100D24180 /* NVTWebAuthPopUpVC.swift in Sources */,
				524CF6A01F767DBE00D24180 /* NVTSuperFunctions.swift in Sources */,
				525A29381F6AF7A1001BAB3B /* NVTMenuCell.swift in Sources */,
				5265246D1F5C24A900C04A0F /* NVTPageVC.swift in Sources */,
				520B735E1F8AD2FD0036A78F /* NVTLinkViewVC.swift in Sources */,
				52D433211F6DFED3005BE77E /* NVTSettingsVC.swift in Sources */,
			);
			runOnlyForDeploymentPostprocessing = 0;
		};
/* End PBXSourcesBuildPhase section */

/* Begin PBXTargetDependency section */
		52485C5F1F9CE102009E0EFA /* PBXTargetDependency */ = {
			isa = PBXTargetDependency;
			target = 52485C521F9CE102009E0EFA /* NavvitWidget */;
			targetProxy = 52485C5E1F9CE102009E0EFA /* PBXContainerItemProxy */;
		};
/* End PBXTargetDependency section */

/* Begin PBXVariantGroup section */
		52485C5A1F9CE102009E0EFA /* MainInterface.storyboard */ = {
			isa = PBXVariantGroup;
			children = (
				52485C5B1F9CE102009E0EFA /* Base */,
			);
			name = MainInterface.storyboard;
			sourceTree = "<group>";
		};
		5265245B1F5C242800C04A0F /* Main.storyboard */ = {
			isa = PBXVariantGroup;
			children = (
				5265245C1F5C242800C04A0F /* Base */,
			);
			name = Main.storyboard;
			sourceTree = "<group>";
		};
		526524631F5C242800C04A0F /* LaunchScreen.storyboard */ = {
			isa = PBXVariantGroup;
			children = (
				526524641F5C242800C04A0F /* Base */,
			);
			name = LaunchScreen.storyboard;
			sourceTree = "<group>";
		};
/* End PBXVariantGroup section */

/* Begin XCBuildConfiguration section */
		52485C611F9CE102009E0EFA /* Debug */ = {
			isa = XCBuildConfiguration;
			buildSettings = {
				CODE_SIGN_ENTITLEMENTS = NavvitWidget/NavvitWidget.entitlements;
				CODE_SIGN_STYLE = Automatic;
				DEVELOPMENT_TEAM = P7RXLQJ55N;
				INFOPLIST_FILE = NavvitWidget/Info.plist;
				LD_RUNPATH_SEARCH_PATHS = "$(inherited) @executable_path/Frameworks @executable_path/../../Frameworks";
				PRODUCT_BUNDLE_IDENTIFIER = com.SmilesDev.NavvitForReddit.NavvitWidget;
				PRODUCT_NAME = "$(TARGET_NAME)";
				SKIP_INSTALL = YES;
				SWIFT_VERSION = 4.0;
				TARGETED_DEVICE_FAMILY = "1,2";
			};
			name = Debug;
		};
		52485C621F9CE102009E0EFA /* Release */ = {
			isa = XCBuildConfiguration;
			buildSettings = {
				CODE_SIGN_ENTITLEMENTS = NavvitWidget/NavvitWidget.entitlements;
				CODE_SIGN_STYLE = Automatic;
				DEVELOPMENT_TEAM = P7RXLQJ55N;
				INFOPLIST_FILE = NavvitWidget/Info.plist;
				LD_RUNPATH_SEARCH_PATHS = "$(inherited) @executable_path/Frameworks @executable_path/../../Frameworks";
				PRODUCT_BUNDLE_IDENTIFIER = com.SmilesDev.NavvitForReddit.NavvitWidget;
				PRODUCT_NAME = "$(TARGET_NAME)";
				SKIP_INSTALL = YES;
				SWIFT_VERSION = 4.0;
				TARGETED_DEVICE_FAMILY = "1,2";
			};
			name = Release;
		};
		526524671F5C242800C04A0F /* Debug */ = {
			isa = XCBuildConfiguration;
			buildSettings = {
				ALWAYS_SEARCH_USER_PATHS = NO;
				CLANG_ANALYZER_NONNULL = YES;
				CLANG_ANALYZER_NUMBER_OBJECT_CONVERSION = YES_AGGRESSIVE;
				CLANG_CXX_LANGUAGE_STANDARD = "gnu++14";
				CLANG_CXX_LIBRARY = "libc++";
				CLANG_ENABLE_MODULES = YES;
				CLANG_ENABLE_OBJC_ARC = YES;
				CLANG_WARN_BLOCK_CAPTURE_AUTORELEASING = YES;
				CLANG_WARN_BOOL_CONVERSION = YES;
				CLANG_WARN_COMMA = YES;
				CLANG_WARN_CONSTANT_CONVERSION = YES;
				CLANG_WARN_DIRECT_OBJC_ISA_USAGE = YES_ERROR;
				CLANG_WARN_DOCUMENTATION_COMMENTS = YES;
				CLANG_WARN_EMPTY_BODY = YES;
				CLANG_WARN_ENUM_CONVERSION = YES;
				CLANG_WARN_INFINITE_RECURSION = YES;
				CLANG_WARN_INT_CONVERSION = YES;
				CLANG_WARN_NON_LITERAL_NULL_CONVERSION = YES;
				CLANG_WARN_OBJC_LITERAL_CONVERSION = YES;
				CLANG_WARN_OBJC_ROOT_CLASS = YES_ERROR;
				CLANG_WARN_RANGE_LOOP_ANALYSIS = YES;
				CLANG_WARN_STRICT_PROTOTYPES = YES;
				CLANG_WARN_SUSPICIOUS_MOVE = YES;
				CLANG_WARN_UNGUARDED_AVAILABILITY = YES_AGGRESSIVE;
				CLANG_WARN_UNREACHABLE_CODE = YES;
				CLANG_WARN__DUPLICATE_METHOD_MATCH = YES;
				CODE_SIGN_IDENTITY = "iPhone Developer";
				COPY_PHASE_STRIP = NO;
				DEBUG_INFORMATION_FORMAT = dwarf;
				ENABLE_STRICT_OBJC_MSGSEND = YES;
				ENABLE_TESTABILITY = YES;
				GCC_C_LANGUAGE_STANDARD = gnu11;
				GCC_DYNAMIC_NO_PIC = NO;
				GCC_NO_COMMON_BLOCKS = YES;
				GCC_OPTIMIZATION_LEVEL = 0;
				GCC_PREPROCESSOR_DEFINITIONS = (
					"DEBUG=1",
					"$(inherited)",
				);
				GCC_WARN_64_TO_32_BIT_CONVERSION = YES;
				GCC_WARN_ABOUT_RETURN_TYPE = YES_ERROR;
				GCC_WARN_UNDECLARED_SELECTOR = YES;
				GCC_WARN_UNINITIALIZED_AUTOS = YES_AGGRESSIVE;
				GCC_WARN_UNUSED_FUNCTION = YES;
				GCC_WARN_UNUSED_VARIABLE = YES;
				IPHONEOS_DEPLOYMENT_TARGET = 11.0;
				MTL_ENABLE_DEBUG_INFO = YES;
				ONLY_ACTIVE_ARCH = YES;
				SDKROOT = iphoneos;
				SWIFT_ACTIVE_COMPILATION_CONDITIONS = DEBUG;
				SWIFT_OPTIMIZATION_LEVEL = "-Onone";
			};
			name = Debug;
		};
		526524681F5C242800C04A0F /* Release */ = {
			isa = XCBuildConfiguration;
			buildSettings = {
				ALWAYS_SEARCH_USER_PATHS = NO;
				CLANG_ANALYZER_NONNULL = YES;
				CLANG_ANALYZER_NUMBER_OBJECT_CONVERSION = YES_AGGRESSIVE;
				CLANG_CXX_LANGUAGE_STANDARD = "gnu++14";
				CLANG_CXX_LIBRARY = "libc++";
				CLANG_ENABLE_MODULES = YES;
				CLANG_ENABLE_OBJC_ARC = YES;
				CLANG_WARN_BLOCK_CAPTURE_AUTORELEASING = YES;
				CLANG_WARN_BOOL_CONVERSION = YES;
				CLANG_WARN_COMMA = YES;
				CLANG_WARN_CONSTANT_CONVERSION = YES;
				CLANG_WARN_DIRECT_OBJC_ISA_USAGE = YES_ERROR;
				CLANG_WARN_DOCUMENTATION_COMMENTS = YES;
				CLANG_WARN_EMPTY_BODY = YES;
				CLANG_WARN_ENUM_CONVERSION = YES;
				CLANG_WARN_INFINITE_RECURSION = YES;
				CLANG_WARN_INT_CONVERSION = YES;
				CLANG_WARN_NON_LITERAL_NULL_CONVERSION = YES;
				CLANG_WARN_OBJC_LITERAL_CONVERSION = YES;
				CLANG_WARN_OBJC_ROOT_CLASS = YES_ERROR;
				CLANG_WARN_RANGE_LOOP_ANALYSIS = YES;
				CLANG_WARN_STRICT_PROTOTYPES = YES;
				CLANG_WARN_SUSPICIOUS_MOVE = YES;
				CLANG_WARN_UNGUARDED_AVAILABILITY = YES_AGGRESSIVE;
				CLANG_WARN_UNREACHABLE_CODE = YES;
				CLANG_WARN__DUPLICATE_METHOD_MATCH = YES;
				CODE_SIGN_IDENTITY = "iPhone Developer";
				COPY_PHASE_STRIP = NO;
				DEBUG_INFORMATION_FORMAT = "dwarf-with-dsym";
				ENABLE_NS_ASSERTIONS = NO;
				ENABLE_STRICT_OBJC_MSGSEND = YES;
				GCC_C_LANGUAGE_STANDARD = gnu11;
				GCC_NO_COMMON_BLOCKS = YES;
				GCC_WARN_64_TO_32_BIT_CONVERSION = YES;
				GCC_WARN_ABOUT_RETURN_TYPE = YES_ERROR;
				GCC_WARN_UNDECLARED_SELECTOR = YES;
				GCC_WARN_UNINITIALIZED_AUTOS = YES_AGGRESSIVE;
				GCC_WARN_UNUSED_FUNCTION = YES;
				GCC_WARN_UNUSED_VARIABLE = YES;
				IPHONEOS_DEPLOYMENT_TARGET = 11.0;
				MTL_ENABLE_DEBUG_INFO = NO;
				SDKROOT = iphoneos;
				SWIFT_OPTIMIZATION_LEVEL = "-Owholemodule";
				VALIDATE_PRODUCT = YES;
			};
			name = Release;
		};
		5265246A1F5C242800C04A0F /* Debug */ = {
			isa = XCBuildConfiguration;
			buildSettings = {
				ALWAYS_EMBED_SWIFT_STANDARD_LIBRARIES = YES;
				ASSETCATALOG_COMPILER_APPICON_NAME = AppIcon;
				CODE_SIGN_ENTITLEMENTS = NavvitForReddit/NavvitForReddit.entitlements;
				CODE_SIGN_STYLE = Automatic;
				DEVELOPMENT_TEAM = P7RXLQJ55N;
				INFOPLIST_FILE = "$(SRCROOT)/NavvitForReddit/Info.plist";
				LD_RUNPATH_SEARCH_PATHS = "$(inherited) @executable_path/Frameworks";
				PRODUCT_BUNDLE_IDENTIFIER = com.SmilesDev.NavvitForReddit;
				PRODUCT_NAME = "$(TARGET_NAME)";
				SWIFT_VERSION = 4.0;
				TARGETED_DEVICE_FAMILY = "1,2";
			};
			name = Debug;
		};
		5265246B1F5C242800C04A0F /* Release */ = {
			isa = XCBuildConfiguration;
			buildSettings = {
				ALWAYS_EMBED_SWIFT_STANDARD_LIBRARIES = YES;
				ASSETCATALOG_COMPILER_APPICON_NAME = AppIcon;
				CODE_SIGN_ENTITLEMENTS = NavvitForReddit/NavvitForReddit.entitlements;
				CODE_SIGN_STYLE = Automatic;
				DEVELOPMENT_TEAM = P7RXLQJ55N;
				INFOPLIST_FILE = "$(SRCROOT)/NavvitForReddit/Info.plist";
				LD_RUNPATH_SEARCH_PATHS = "$(inherited) @executable_path/Frameworks";
				PRODUCT_BUNDLE_IDENTIFIER = com.SmilesDev.NavvitForReddit;
				PRODUCT_NAME = "$(TARGET_NAME)";
				SWIFT_VERSION = 4.0;
				TARGETED_DEVICE_FAMILY = "1,2";
			};
			name = Release;
		};
/* End XCBuildConfiguration section */

/* Begin XCConfigurationList section */
		52485C631F9CE102009E0EFA /* Build configuration list for PBXNativeTarget "NavvitWidget" */ = {
			isa = XCConfigurationList;
			buildConfigurations = (
				52485C611F9CE102009E0EFA /* Debug */,
				52485C621F9CE102009E0EFA /* Release */,
			);
			defaultConfigurationIsVisible = 0;
			defaultConfigurationName = Release;
		};
		5265244F1F5C242800C04A0F /* Build configuration list for PBXProject "NavvitForReddit" */ = {
			isa = XCConfigurationList;
			buildConfigurations = (
				526524671F5C242800C04A0F /* Debug */,
				526524681F5C242800C04A0F /* Release */,
			);
			defaultConfigurationIsVisible = 0;
			defaultConfigurationName = Release;
		};
		526524691F5C242800C04A0F /* Build configuration list for PBXNativeTarget "NavvitForReddit" */ = {
			isa = XCConfigurationList;
			buildConfigurations = (
				5265246A1F5C242800C04A0F /* Debug */,
				5265246B1F5C242800C04A0F /* Release */,
			);
			defaultConfigurationIsVisible = 0;
			defaultConfigurationName = Release;
		};
/* End XCConfigurationList section */

/* Begin XCVersionGroup section */
		5265245E1F5C242800C04A0F /* NavvitForReddit.xcdatamodeld */ = {
			isa = XCVersionGroup;
			children = (
				5265245F1F5C242800C04A0F /* NavvitForReddit.xcdatamodel */,
			);
			currentVersion = 5265245F1F5C242800C04A0F /* NavvitForReddit.xcdatamodel */;
			path = NavvitForReddit.xcdatamodeld;
			sourceTree = "<group>";
			versionGroupType = wrapper.xcdatamodel;
		};
/* End XCVersionGroup section */
	};
	rootObject = 5265244C1F5C242800C04A0F /* Project object */;
}
