// !$*UTF8*$!
{
	archiveVersion = 1;
	classes = {
	};
	objectVersion = 48;
	objects = {

/* Begin PBXBuildFile section */
		520B735E1F8AD2FD0036A78F /* LinkView.swift in Sources */ = {isa = PBXBuildFile; fileRef = 520B735D1F8AD2FD0036A78F /* LinkView.swift */; };
		524CF69E1F72F15100D24180 /* WebAuthPopupVC.swift in Sources */ = {isa = PBXBuildFile; fileRef = 524CF69D1F72F15100D24180 /* WebAuthPopupVC.swift */; };
		524CF6A01F767DBE00D24180 /* SuperFunctions.swift in Sources */ = {isa = PBXBuildFile; fileRef = 524CF69F1F767DBE00D24180 /* SuperFunctions.swift */; };
		524F3E391F8AC5EA00D17D4D /* SelfPostView.swift in Sources */ = {isa = PBXBuildFile; fileRef = 524F3E381F8AC5EA00D17D4D /* SelfPostView.swift */; };
		524F3E3F1F8AC6E100D17D4D /* CommentCell.swift in Sources */ = {isa = PBXBuildFile; fileRef = 524F3E3E1F8AC6E100D17D4D /* CommentCell.swift */; };
		525A29381F6AF7A1001BAB3B /* CellOne.swift in Sources */ = {isa = PBXBuildFile; fileRef = 525A29371F6AF7A1001BAB3B /* CellOne.swift */; };
		526524581F5C242800C04A0F /* AppDelegate.swift in Sources */ = {isa = PBXBuildFile; fileRef = 526524571F5C242800C04A0F /* AppDelegate.swift */; };
		5265245A1F5C242800C04A0F /* ViewController.swift in Sources */ = {isa = PBXBuildFile; fileRef = 526524591F5C242800C04A0F /* ViewController.swift */; };
		5265245D1F5C242800C04A0F /* Main.storyboard in Resources */ = {isa = PBXBuildFile; fileRef = 5265245B1F5C242800C04A0F /* Main.storyboard */; };
		526524601F5C242800C04A0F /* RedditViewer_2.xcdatamodeld in Sources */ = {isa = PBXBuildFile; fileRef = 5265245E1F5C242800C04A0F /* RedditViewer_2.xcdatamodeld */; };
		526524621F5C242800C04A0F /* Assets.xcassets in Resources */ = {isa = PBXBuildFile; fileRef = 526524611F5C242800C04A0F /* Assets.xcassets */; };
		526524651F5C242800C04A0F /* LaunchScreen.storyboard in Resources */ = {isa = PBXBuildFile; fileRef = 526524631F5C242800C04A0F /* LaunchScreen.storyboard */; };
		5265246D1F5C24A900C04A0F /* View2.swift in Sources */ = {isa = PBXBuildFile; fileRef = 5265246C1F5C24A900C04A0F /* View2.swift */; };
		5265246F1F5C9C0300C04A0F /* MyCell.swift in Sources */ = {isa = PBXBuildFile; fileRef = 5265246E1F5C9C0300C04A0F /* MyCell.swift */; };
		52D433211F6DFED3005BE77E /* SettingsVC.swift in Sources */ = {isa = PBXBuildFile; fileRef = 52D433201F6DFED3005BE77E /* SettingsVC.swift */; };
/* End PBXBuildFile section */

/* Begin PBXFileReference section */
		520B735D1F8AD2FD0036A78F /* LinkView.swift */ = {isa = PBXFileReference; lastKnownFileType = sourcecode.swift; path = LinkView.swift; sourceTree = "<group>"; };
		521F586D1F956C240000A976 /* comment.gif */ = {isa = PBXFileReference; lastKnownFileType = image.gif; path = comment.gif; sourceTree = "<group>"; };
		521F586E1F956C330000A976 /* downvote.gif */ = {isa = PBXFileReference; lastKnownFileType = image.gif; path = downvote.gif; sourceTree = "<group>"; };
		521F586F1F956C490000A976 /* noimage.gif */ = {isa = PBXFileReference; lastKnownFileType = image.gif; path = noimage.gif; sourceTree = "<group>"; };
		521F58701F956C4E0000A976 /* subredditicon.gif */ = {isa = PBXFileReference; lastKnownFileType = image.gif; path = subredditicon.gif; sourceTree = "<group>"; };
		521F58711F956C530000A976 /* save.gif */ = {isa = PBXFileReference; lastKnownFileType = image.gif; path = save.gif; sourceTree = "<group>"; };
		521F58721F956C580000A976 /* upvote.gif */ = {isa = PBXFileReference; lastKnownFileType = image.gif; path = upvote.gif; sourceTree = "<group>"; };
		524CF69D1F72F15100D24180 /* WebAuthPopupVC.swift */ = {isa = PBXFileReference; lastKnownFileType = sourcecode.swift; path = WebAuthPopupVC.swift; sourceTree = "<group>"; };
		524CF69F1F767DBE00D24180 /* SuperFunctions.swift */ = {isa = PBXFileReference; lastKnownFileType = sourcecode.swift; path = SuperFunctions.swift; sourceTree = "<group>"; };
		524F3E381F8AC5EA00D17D4D /* SelfPostView.swift */ = {isa = PBXFileReference; lastKnownFileType = sourcecode.swift; path = SelfPostView.swift; sourceTree = "<group>"; };
		524F3E3E1F8AC6E100D17D4D /* CommentCell.swift */ = {isa = PBXFileReference; lastKnownFileType = sourcecode.swift; path = CommentCell.swift; sourceTree = "<group>"; };
		525A29371F6AF7A1001BAB3B /* CellOne.swift */ = {isa = PBXFileReference; lastKnownFileType = sourcecode.swift; path = CellOne.swift; sourceTree = "<group>"; };
		526524541F5C242800C04A0F /* RedditViewer_2.app */ = {isa = PBXFileReference; explicitFileType = wrapper.application; includeInIndex = 0; path = RedditViewer_2.app; sourceTree = BUILT_PRODUCTS_DIR; };
		526524571F5C242800C04A0F /* AppDelegate.swift */ = {isa = PBXFileReference; lastKnownFileType = sourcecode.swift; path = AppDelegate.swift; sourceTree = "<group>"; };
		526524591F5C242800C04A0F /* ViewController.swift */ = {isa = PBXFileReference; lastKnownFileType = sourcecode.swift; path = ViewController.swift; sourceTree = "<group>"; };
		5265245C1F5C242800C04A0F /* Base */ = {isa = PBXFileReference; lastKnownFileType = file.storyboard; name = Base; path = Base.lproj/Main.storyboard; sourceTree = "<group>"; };
		5265245F1F5C242800C04A0F /* RedditViewer_2.xcdatamodel */ = {isa = PBXFileReference; lastKnownFileType = wrapper.xcdatamodel; path = RedditViewer_2.xcdatamodel; sourceTree = "<group>"; };
		526524611F5C242800C04A0F /* Assets.xcassets */ = {isa = PBXFileReference; lastKnownFileType = folder.assetcatalog; path = Assets.xcassets; sourceTree = "<group>"; };
		526524641F5C242800C04A0F /* Base */ = {isa = PBXFileReference; lastKnownFileType = file.storyboard; name = Base; path = Base.lproj/LaunchScreen.storyboard; sourceTree = "<group>"; };
		526524661F5C242800C04A0F /* Info.plist */ = {isa = PBXFileReference; lastKnownFileType = text.plist.xml; path = Info.plist; sourceTree = "<group>"; };
		5265246C1F5C24A900C04A0F /* View2.swift */ = {isa = PBXFileReference; lastKnownFileType = sourcecode.swift; path = View2.swift; sourceTree = "<group>"; };
		5265246E1F5C9C0300C04A0F /* MyCell.swift */ = {isa = PBXFileReference; lastKnownFileType = sourcecode.swift; path = MyCell.swift; sourceTree = "<group>"; };
		528893661F914F49006CFE98 /* share.jpg */ = {isa = PBXFileReference; lastKnownFileType = image.jpeg; path = share.jpg; sourceTree = "<group>"; };
		52CED39E1F7DAD9100BD62B6 /* Snoo.png */ = {isa = PBXFileReference; lastKnownFileType = image.png; path = Snoo.png; sourceTree = "<group>"; };
		52D433201F6DFED3005BE77E /* SettingsVC.swift */ = {isa = PBXFileReference; lastKnownFileType = sourcecode.swift; path = SettingsVC.swift; sourceTree = "<group>"; };
/* End PBXFileReference section */

/* Begin PBXFrameworksBuildPhase section */
		526524511F5C242800C04A0F /* Frameworks */ = {
			isa = PBXFrameworksBuildPhase;
			buildActionMask = 2147483647;
			files = (
			);
			runOnlyForDeploymentPostprocessing = 0;
		};
/* End PBXFrameworksBuildPhase section */

/* Begin PBXGroup section */
		5265244B1F5C242800C04A0F = {
			isa = PBXGroup;
			children = (
				526524561F5C242800C04A0F /* RedditViewer_2 */,
				526524551F5C242800C04A0F /* Products */,
			);
			sourceTree = "<group>";
		};
		526524551F5C242800C04A0F /* Products */ = {
			isa = PBXGroup;
			children = (
				526524541F5C242800C04A0F /* RedditViewer_2.app */,
			);
			name = Products;
			sourceTree = "<group>";
		};
		526524561F5C242800C04A0F /* RedditViewer_2 */ = {
			isa = PBXGroup;
			children = (
				524CF69F1F767DBE00D24180 /* SuperFunctions.swift */,
				526524571F5C242800C04A0F /* AppDelegate.swift */,
				5265246E1F5C9C0300C04A0F /* MyCell.swift */,
				525A29371F6AF7A1001BAB3B /* CellOne.swift */,
				526524591F5C242800C04A0F /* ViewController.swift */,
				524CF69D1F72F15100D24180 /* WebAuthPopupVC.swift */,
				5265246C1F5C24A900C04A0F /* View2.swift */,
				52D433201F6DFED3005BE77E /* SettingsVC.swift */,
				5265245B1F5C242800C04A0F /* Main.storyboard */,
				520B735D1F8AD2FD0036A78F /* LinkView.swift */,
				524F3E381F8AC5EA00D17D4D /* SelfPostView.swift */,
				524F3E3E1F8AC6E100D17D4D /* CommentCell.swift */,
				526524611F5C242800C04A0F /* Assets.xcassets */,
				52CED39E1F7DAD9100BD62B6 /* Snoo.png */,
				521F586F1F956C490000A976 /* noimage.gif */,
				521F586D1F956C240000A976 /* comment.gif */,
				521F58701F956C4E0000A976 /* subredditicon.gif */,
				521F58711F956C530000A976 /* save.gif */,
				521F58721F956C580000A976 /* upvote.gif */,
				521F586E1F956C330000A976 /* downvote.gif */,
				528893661F914F49006CFE98 /* share.jpg */,
				526524631F5C242800C04A0F /* LaunchScreen.storyboard */,
				526524661F5C242800C04A0F /* Info.plist */,
				5265245E1F5C242800C04A0F /* RedditViewer_2.xcdatamodeld */,
			);
			path = RedditViewer_2;
			sourceTree = "<group>";
		};
/* End PBXGroup section */

/* Begin PBXNativeTarget section */
		526524531F5C242800C04A0F /* RedditViewer_2 */ = {
			isa = PBXNativeTarget;
			buildConfigurationList = 526524691F5C242800C04A0F /* Build configuration list for PBXNativeTarget "RedditViewer_2" */;
			buildPhases = (
				526524501F5C242800C04A0F /* Sources */,
				526524511F5C242800C04A0F /* Frameworks */,
				526524521F5C242800C04A0F /* Resources */,
			);
			buildRules = (
			);
			dependencies = (
			);
			name = RedditViewer_2;
			productName = RedditViewer_2;
			productReference = 526524541F5C242800C04A0F /* RedditViewer_2.app */;
			productType = "com.apple.product-type.application";
		};
/* End PBXNativeTarget section */

/* Begin PBXProject section */
		5265244C1F5C242800C04A0F /* Project object */ = {
			isa = PBXProject;
			attributes = {
				LastSwiftUpdateCheck = 0900;
				LastUpgradeCheck = 0900;
				ORGANIZATIONNAME = "Smiles Dev";
				TargetAttributes = {
					526524531F5C242800C04A0F = {
						CreatedOnToolsVersion = 9.0;
						ProvisioningStyle = Automatic;
					};
				};
			};
			buildConfigurationList = 5265244F1F5C242800C04A0F /* Build configuration list for PBXProject "RedditViewer_2" */;
			compatibilityVersion = "Xcode 8.0";
			developmentRegion = en;
			hasScannedForEncodings = 0;
			knownRegions = (
				en,
				Base,
			);
			mainGroup = 5265244B1F5C242800C04A0F;
			productRefGroup = 526524551F5C242800C04A0F /* Products */;
			projectDirPath = "";
			projectRoot = "";
			targets = (
				526524531F5C242800C04A0F /* RedditViewer_2 */,
			);
		};
/* End PBXProject section */

/* Begin PBXResourcesBuildPhase section */
		526524521F5C242800C04A0F /* Resources */ = {
			isa = PBXResourcesBuildPhase;
			buildActionMask = 2147483647;
			files = (
				526524651F5C242800C04A0F /* LaunchScreen.storyboard in Resources */,
				526524621F5C242800C04A0F /* Assets.xcassets in Resources */,
				5265245D1F5C242800C04A0F /* Main.storyboard in Resources */,
			);
			runOnlyForDeploymentPostprocessing = 0;
		};
/* End PBXResourcesBuildPhase section */

/* Begin PBXSourcesBuildPhase section */
		526524501F5C242800C04A0F /* Sources */ = {
			isa = PBXSourcesBuildPhase;
			buildActionMask = 2147483647;
			files = (
				524F3E3F1F8AC6E100D17D4D /* CommentCell.swift in Sources */,
				524F3E391F8AC5EA00D17D4D /* SelfPostView.swift in Sources */,
				5265245A1F5C242800C04A0F /* ViewController.swift in Sources */,
				5265246F1F5C9C0300C04A0F /* MyCell.swift in Sources */,
				526524581F5C242800C04A0F /* AppDelegate.swift in Sources */,
				526524601F5C242800C04A0F /* RedditViewer_2.xcdatamodeld in Sources */,
				524CF69E1F72F15100D24180 /* WebAuthPopupVC.swift in Sources */,
				524CF6A01F767DBE00D24180 /* SuperFunctions.swift in Sources */,
				525A29381F6AF7A1001BAB3B /* CellOne.swift in Sources */,
				5265246D1F5C24A900C04A0F /* View2.swift in Sources */,
				520B735E1F8AD2FD0036A78F /* LinkView.swift in Sources */,
				52D433211F6DFED3005BE77E /* SettingsVC.swift in Sources */,
			);
			runOnlyForDeploymentPostprocessing = 0;
		};
/* End PBXSourcesBuildPhase section */

/* Begin PBXVariantGroup section */
		5265245B1F5C242800C04A0F /* Main.storyboard */ = {
			isa = PBXVariantGroup;
			children = (
				5265245C1F5C242800C04A0F /* Base */,
			);
			name = Main.storyboard;
			sourceTree = "<group>";
		};
		526524631F5C242800C04A0F /* LaunchScreen.storyboard */ = {
			isa = PBXVariantGroup;
			children = (
				526524641F5C242800C04A0F /* Base */,
			);
			name = LaunchScreen.storyboard;
			sourceTree = "<group>";
		};
/* End PBXVariantGroup section */

/* Begin XCBuildConfiguration section */
		526524671F5C242800C04A0F /* Debug */ = {
			isa = XCBuildConfiguration;
			buildSettings = {
				ALWAYS_SEARCH_USER_PATHS = NO;
				CLANG_ANALYZER_NONNULL = YES;
				CLANG_ANALYZER_NUMBER_OBJECT_CONVERSION = YES_AGGRESSIVE;
				CLANG_CXX_LANGUAGE_STANDARD = "gnu++14";
				CLANG_CXX_LIBRARY = "libc++";
				CLANG_ENABLE_MODULES = YES;
				CLANG_ENABLE_OBJC_ARC = YES;
				CLANG_WARN_BLOCK_CAPTURE_AUTORELEASING = YES;
				CLANG_WARN_BOOL_CONVERSION = YES;
				CLANG_WARN_COMMA = YES;
				CLANG_WARN_CONSTANT_CONVERSION = YES;
				CLANG_WARN_DIRECT_OBJC_ISA_USAGE = YES_ERROR;
				CLANG_WARN_DOCUMENTATION_COMMENTS = YES;
				CLANG_WARN_EMPTY_BODY = YES;
				CLANG_WARN_ENUM_CONVERSION = YES;
				CLANG_WARN_INFINITE_RECURSION = YES;
				CLANG_WARN_INT_CONVERSION = YES;
				CLANG_WARN_NON_LITERAL_NULL_CONVERSION = YES;
				CLANG_WARN_OBJC_LITERAL_CONVERSION = YES;
				CLANG_WARN_OBJC_ROOT_CLASS = YES_ERROR;
				CLANG_WARN_RANGE_LOOP_ANALYSIS = YES;
				CLANG_WARN_STRICT_PROTOTYPES = YES;
				CLANG_WARN_SUSPICIOUS_MOVE = YES;
				CLANG_WARN_UNGUARDED_AVAILABILITY = YES_AGGRESSIVE;
				CLANG_WARN_UNREACHABLE_CODE = YES;
				CLANG_WARN__DUPLICATE_METHOD_MATCH = YES;
				CODE_SIGN_IDENTITY = "iPhone Developer";
				COPY_PHASE_STRIP = NO;
				DEBUG_INFORMATION_FORMAT = dwarf;
				ENABLE_STRICT_OBJC_MSGSEND = YES;
				ENABLE_TESTABILITY = YES;
				GCC_C_LANGUAGE_STANDARD = gnu11;
				GCC_DYNAMIC_NO_PIC = NO;
				GCC_NO_COMMON_BLOCKS = YES;
				GCC_OPTIMIZATION_LEVEL = 0;
				GCC_PREPROCESSOR_DEFINITIONS = (
					"DEBUG=1",
					"$(inherited)",
				);
				GCC_WARN_64_TO_32_BIT_CONVERSION = YES;
				GCC_WARN_ABOUT_RETURN_TYPE = YES_ERROR;
				GCC_WARN_UNDECLARED_SELECTOR = YES;
				GCC_WARN_UNINITIALIZED_AUTOS = YES_AGGRESSIVE;
				GCC_WARN_UNUSED_FUNCTION = YES;
				GCC_WARN_UNUSED_VARIABLE = YES;
				IPHONEOS_DEPLOYMENT_TARGET = 11.0;
				MTL_ENABLE_DEBUG_INFO = YES;
				ONLY_ACTIVE_ARCH = YES;
				SDKROOT = iphoneos;
				SWIFT_ACTIVE_COMPILATION_CONDITIONS = DEBUG;
				SWIFT_OPTIMIZATION_LEVEL = "-Onone";
			};
			name = Debug;
		};
		526524681F5C242800C04A0F /* Release */ = {
			isa = XCBuildConfiguration;
			buildSettings = {
				ALWAYS_SEARCH_USER_PATHS = NO;
				CLANG_ANALYZER_NONNULL = YES;
				CLANG_ANALYZER_NUMBER_OBJECT_CONVERSION = YES_AGGRESSIVE;
				CLANG_CXX_LANGUAGE_STANDARD = "gnu++14";
				CLANG_CXX_LIBRARY = "libc++";
				CLANG_ENABLE_MODULES = YES;
				CLANG_ENABLE_OBJC_ARC = YES;
				CLANG_WARN_BLOCK_CAPTURE_AUTORELEASING = YES;
				CLANG_WARN_BOOL_CONVERSION = YES;
				CLANG_WARN_COMMA = YES;
				CLANG_WARN_CONSTANT_CONVERSION = YES;
				CLANG_WARN_DIRECT_OBJC_ISA_USAGE = YES_ERROR;
				CLANG_WARN_DOCUMENTATION_COMMENTS = YES;
				CLANG_WARN_EMPTY_BODY = YES;
				CLANG_WARN_ENUM_CONVERSION = YES;
				CLANG_WARN_INFINITE_RECURSION = YES;
				CLANG_WARN_INT_CONVERSION = YES;
				CLANG_WARN_NON_LITERAL_NULL_CONVERSION = YES;
				CLANG_WARN_OBJC_LITERAL_CONVERSION = YES;
				CLANG_WARN_OBJC_ROOT_CLASS = YES_ERROR;
				CLANG_WARN_RANGE_LOOP_ANALYSIS = YES;
				CLANG_WARN_STRICT_PROTOTYPES = YES;
				CLANG_WARN_SUSPICIOUS_MOVE = YES;
				CLANG_WARN_UNGUARDED_AVAILABILITY = YES_AGGRESSIVE;
				CLANG_WARN_UNREACHABLE_CODE = YES;
				CLANG_WARN__DUPLICATE_METHOD_MATCH = YES;
				CODE_SIGN_IDENTITY = "iPhone Developer";
				COPY_PHASE_STRIP = NO;
				DEBUG_INFORMATION_FORMAT = "dwarf-with-dsym";
				ENABLE_NS_ASSERTIONS = NO;
				ENABLE_STRICT_OBJC_MSGSEND = YES;
				GCC_C_LANGUAGE_STANDARD = gnu11;
				GCC_NO_COMMON_BLOCKS = YES;
				GCC_WARN_64_TO_32_BIT_CONVERSION = YES;
				GCC_WARN_ABOUT_RETURN_TYPE = YES_ERROR;
				GCC_WARN_UNDECLARED_SELECTOR = YES;
				GCC_WARN_UNINITIALIZED_AUTOS = YES_AGGRESSIVE;
				GCC_WARN_UNUSED_FUNCTION = YES;
				GCC_WARN_UNUSED_VARIABLE = YES;
				IPHONEOS_DEPLOYMENT_TARGET = 11.0;
				MTL_ENABLE_DEBUG_INFO = NO;
				SDKROOT = iphoneos;
				SWIFT_OPTIMIZATION_LEVEL = "-Owholemodule";
				VALIDATE_PRODUCT = YES;
			};
			name = Release;
		};
		5265246A1F5C242800C04A0F /* Debug */ = {
			isa = XCBuildConfiguration;
			buildSettings = {
				ASSETCATALOG_COMPILER_APPICON_NAME = AppIcon;
				CODE_SIGN_STYLE = Automatic;
				INFOPLIST_FILE = RedditViewer_2/Info.plist;
				LD_RUNPATH_SEARCH_PATHS = "$(inherited) @executable_path/Frameworks";
				PRODUCT_BUNDLE_IDENTIFIER = "com.SmilesDev.RedditViewer-2";
				PRODUCT_NAME = "$(TARGET_NAME)";
				SWIFT_VERSION = 4.0;
				TARGETED_DEVICE_FAMILY = "1,2";
			};
			name = Debug;
		};
		5265246B1F5C242800C04A0F /* Release */ = {
			isa = XCBuildConfiguration;
			buildSettings = {
				ASSETCATALOG_COMPILER_APPICON_NAME = AppIcon;
				CODE_SIGN_STYLE = Automatic;
				INFOPLIST_FILE = RedditViewer_2/Info.plist;
				LD_RUNPATH_SEARCH_PATHS = "$(inherited) @executable_path/Frameworks";
				PRODUCT_BUNDLE_IDENTIFIER = "com.SmilesDev.RedditViewer-2";
				PRODUCT_NAME = "$(TARGET_NAME)";
				SWIFT_VERSION = 4.0;
				TARGETED_DEVICE_FAMILY = "1,2";
			};
			name = Release;
		};
/* End XCBuildConfiguration section */

/* Begin XCConfigurationList section */
		5265244F1F5C242800C04A0F /* Build configuration list for PBXProject "RedditViewer_2" */ = {
			isa = XCConfigurationList;
			buildConfigurations = (
				526524671F5C242800C04A0F /* Debug */,
				526524681F5C242800C04A0F /* Release */,
			);
			defaultConfigurationIsVisible = 0;
			defaultConfigurationName = Release;
		};
		526524691F5C242800C04A0F /* Build configuration list for PBXNativeTarget "RedditViewer_2" */ = {
			isa = XCConfigurationList;
			buildConfigurations = (
				5265246A1F5C242800C04A0F /* Debug */,
				5265246B1F5C242800C04A0F /* Release */,
			);
			defaultConfigurationIsVisible = 0;
			defaultConfigurationName = Release;
		};
/* End XCConfigurationList section */

/* Begin XCVersionGroup section */
		5265245E1F5C242800C04A0F /* RedditViewer_2.xcdatamodeld */ = {
			isa = XCVersionGroup;
			children = (
				5265245F1F5C242800C04A0F /* RedditViewer_2.xcdatamodel */,
			);
			currentVersion = 5265245F1F5C242800C04A0F /* RedditViewer_2.xcdatamodel */;
			path = RedditViewer_2.xcdatamodeld;
			sourceTree = "<group>";
			versionGroupType = wrapper.xcdatamodel;
		};
/* End XCVersionGroup section */
	};
	rootObject = 5265244C1F5C242800C04A0F /* Project object */;
}
